
Microsoft Visual Studio Solution File, Format Version 12.00
# Visual Studio 14
VisualStudioVersion = 14.0.25123.0
MinimumVisualStudioVersion = 10.0.40219.1
Project("{FAE04EC0-301F-11D3-BF4B-00C04F79EFBC}") = "AdventureDataModel", "AdventureDataModel\AdventureDataModel.csproj", "{B117F541-0911-4851-BBB8-BC85281AD0A9}"
EndProject
Project("{FAE04EC0-301F-11D3-BF4B-00C04F79EFBC}") = "Adventure", "Adventure\Adventure.csproj", "{097DF40F-8852-4A09-A09B-69490C1E70FF}"
EndProject
Global
	GlobalSection(SolutionConfigurationPlatforms) = preSolution
		Debug|Any CPU = Debug|Any CPU
		Release|Any CPU = Release|Any CPU
	EndGlobalSection
	GlobalSection(ProjectConfigurationPlatforms) = postSolution
		{B117F541-0911-4851-BBB8-BC85281AD0A9}.Debug|Any CPU.ActiveCfg = Debug|Any CPU
		{B117F541-0911-4851-BBB8-BC85281AD0A9}.Debug|Any CPU.Build.0 = Debug|Any CPU
		{B117F541-0911-4851-BBB8-BC85281AD0A9}.Release|Any CPU.ActiveCfg = Release|Any CPU
		{B117F541-0911-4851-BBB8-BC85281AD0A9}.Release|Any CPU.Build.0 = Release|Any CPU
		{097DF40F-8852-4A09-A09B-69490C1E70FF}.Debug|Any CPU.ActiveCfg = Debug|Any CPU
		{097DF40F-8852-4A09-A09B-69490C1E70FF}.Debug|Any CPU.Build.0 = Debug|Any CPU
		{097DF40F-8852-4A09-A09B-69490C1E70FF}.Release|Any CPU.ActiveCfg = Release|Any CPU
		{097DF40F-8852-4A09-A09B-69490C1E70FF}.Release|Any CPU.Build.0 = Release|Any CPU
	EndGlobalSection
	GlobalSection(SolutionProperties) = preSolution
		HideSolutionNode = FALSE
	EndGlobalSection
EndGlobal
